{
  "version": "3",
  "packages": {
    "specifiers": {
      "npm:mozjexl": "npm:mozjexl@1.1.6"
    },
    "npm": {
      "mozjexl@1.1.6": {
        "integrity": "sha512-34nvJEO7yLjMxooe0qfVUfBvotz270UFuhX0MmTM/0tR5HPJpjTYQLE7IyNag7EF6HPNmnBu0Y6kKoH6MvH8Lw==",
        "dependencies": {}
      }
    }
  },
  "remote": {}
}
